[root]
name = "gtfs-map"
version = "0.0.1"
dependencies = [
 "csv 0.13.4 (registry+https://github.com/rust-lang/crates.io-index)",
]

[[package]]
name = "bswap"
version = "0.1.8"
source = "registry+https://github.com/rust-lang/crates.io-index"

[[package]]
name = "byteorder"
version = "0.3.1"
source = "registry+https://github.com/rust-lang/crates.io-index"
dependencies = [
 "bswap 0.1.8 (registry+https://github.com/rust-lang/crates.io-index)",
]

[[package]]
name = "csv"
version = "0.13.4"
source = "registry+https://github.com/rust-lang/crates.io-index"
dependencies = [
 "byteorder 0.3.1 (registry+https://github.com/rust-lang/crates.io-index)",
 "rustc-serialize 0.3.6 (registry+https://github.com/rust-lang/crates.io-index)",
]

[[package]]
name = "rustc-serialize"
version = "0.3.6"
source = "registry+https://github.com/rust-lang/crates.io-index"

